
Microsoft Visual Studio Solution File, Format Version 12.00
# Visual Studio Version 17
VisualStudioVersion = 17.3.32825.248
MinimumVisualStudioVersion = 10.0.40219.1
Project("{FAE04EC0-301F-11D3-BF4B-00C04F79EFBC}") = "PracticeWork", "PracticeWork\PracticeWork.csproj", "{0DF3A17C-E621-4CCC-A8CF-502F92B2E5F4}"
EndProject
Global
	GlobalSection(SolutionConfigurationPlatforms) = preSolution
		Debug|Any CPU = Debug|Any CPU
		Release|Any CPU = Release|Any CPU
	EndGlobalSection
	GlobalSection(ProjectConfigurationPlatforms) = postSolution
		{0DF3A17C-E621-4CCC-A8CF-502F92B2E5F4}.Debug|Any CPU.ActiveCfg = Debug|Any CPU
		{0DF3A17C-E621-4CCC-A8CF-502F92B2E5F4}.Debug|Any CPU.Build.0 = Debug|Any CPU
		{0DF3A17C-E621-4CCC-A8CF-502F92B2E5F4}.Release|Any CPU.ActiveCfg = Release|Any CPU
		{0DF3A17C-E621-4CCC-A8CF-502F92B2E5F4}.Release|Any CPU.Build.0 = Release|Any CPU
	EndGlobalSection
	GlobalSection(SolutionProperties) = preSolution
		HideSolutionNode = FALSE
	EndGlobalSection
	GlobalSection(ExtensibilityGlobals) = postSolution
		SolutionGuid = {2E1CB8DA-66F3-4B94-8916-45338E4339E8}
	EndGlobalSection
EndGlobal
